
Microsoft Visual Studio Solution File, Format Version 12.00
# Visual Studio 2012
Project("{FAE04EC0-301F-11D3-BF4B-00C04F79EFBC}") = "let_condition_using_LINQ", "let_condition_using_LINQ\let_condition_using_LINQ.csproj", "{649EBFC0-0448-43CA-A0E3-13902C020C51}"
EndProject
Global
	GlobalSection(SolutionConfigurationPlatforms) = preSolution
		Debug|Any CPU = Debug|Any CPU
		Release|Any CPU = Release|Any CPU
	EndGlobalSection
	GlobalSection(ProjectConfigurationPlatforms) = postSolution
		{649EBFC0-0448-43CA-A0E3-13902C020C51}.Debug|Any CPU.ActiveCfg = Debug|Any CPU
		{649EBFC0-0448-43CA-A0E3-13902C020C51}.Debug|Any CPU.Build.0 = Debug|Any CPU
		{649EBFC0-0448-43CA-A0E3-13902C020C51}.Release|Any CPU.ActiveCfg = Release|Any CPU
		{649EBFC0-0448-43CA-A0E3-13902C020C51}.Release|Any CPU.Build.0 = Release|Any CPU
	EndGlobalSection
EndGlobal
